
Microsoft Visual Studio Solution File, Format Version 12.00
# Visual Studio Version 16
VisualStudioVersion = 16.0.29020.237
MinimumVisualStudioVersion = 10.0.40219.1
Project("{FAE04EC0-301F-11D3-BF4B-00C04F79EFBC}") = "SensitivityProject", "SensitivityProject.csproj", "{B86C3145-3068-4CD8-9642-B50460F0E75F}"
EndProject
Global
	GlobalSection(SolutionConfigurationPlatforms) = preSolution
		Debug|Any CPU = Debug|Any CPU
		Release|Any CPU = Release|Any CPU
	EndGlobalSection
	GlobalSection(ProjectConfigurationPlatforms) = postSolution
		{B86C3145-3068-4CD8-9642-B50460F0E75F}.Debug|Any CPU.ActiveCfg = Debug|Any CPU
		{B86C3145-3068-4CD8-9642-B50460F0E75F}.Debug|Any CPU.Build.0 = Debug|Any CPU
		{B86C3145-3068-4CD8-9642-B50460F0E75F}.Release|Any CPU.ActiveCfg = Release|Any CPU
		{B86C3145-3068-4CD8-9642-B50460F0E75F}.Release|Any CPU.Build.0 = Release|Any CPU
	EndGlobalSection
	GlobalSection(SolutionProperties) = preSolution
		HideSolutionNode = FALSE
	EndGlobalSection
	GlobalSection(ExtensibilityGlobals) = postSolution
		SolutionGuid = {1E568BDD-D3D3-476F-9E5D-AD0D9DFC1854}
	EndGlobalSection
EndGlobal
